Microsoft Visual Studio Solution File, Format Version 12.00
# Visual Studio Version 17
VisualStudioVersion = 17.6.33829.357
MinimumVisualStudioVersion = 10.0.40219.1
Project("{9A19103F-16F7-4668-BE54-9A1E7A4F7556}") = "LoCyanFrpDesktop", "LoCyanFrpDesktop\LoCyanFrpDesktop.csproj", "{D1D59A31-105D-4B83-A49D-B9F761336995}"
EndProject
Project("{9A19103F-16F7-4668-BE54-9A1E7A4F7556}") = "Updater", "Updater\Updater.csproj", "{1C846730-8BC3-49D4-8786-106AF8C4D160}"
EndProject
Project("{2150E333-8FDC-42A3-9474-1A3956D46DE8}") = "LoCyanFrp", "LoCyanFrp", "{0301C876-91BE-4AE9-92C9-254EBFA8B940}"
EndProject
Project("{2150E333-8FDC-42A3-9474-1A3956D46DE8}") = "Tools", "Tools", "{7A9FD3C3-52EE-4162-B97A-6F7EB2F1821C}"
EndProject
Project("{2150E333-8FDC-42A3-9474-1A3956D46DE8}") = "Solution Items", "Solution Items", "{642C59C0-F62F-4AD8-9951-1625AED50385}"
	ProjectSection(SolutionItems) = preProject
		.editorconfig = .editorconfig
	EndProjectSection
EndProject
Project("{2150E333-8FDC-42A3-9474-1A3956D46DE8}") = "Init", "Init", "{E4C25792-97C8-4E61-B0B3-57E3ED793DC5}"
EndProject
Global
	GlobalSection(SolutionConfigurationPlatforms) = preSolution
		Debug|Any CPU = Debug|Any CPU
		Release|Any CPU = Release|Any CPU
	EndGlobalSection
	GlobalSection(ProjectConfigurationPlatforms) = postSolution
		{D1D59A31-105D-4B83-A49D-B9F761336995}.Debug|Any CPU.ActiveCfg = Debug|Any CPU
		{D1D59A31-105D-4B83-A49D-B9F761336995}.Debug|Any CPU.Build.0 = Debug|Any CPU
		{D1D59A31-105D-4B83-A49D-B9F761336995}.Release|Any CPU.ActiveCfg = Release|Any CPU
		{D1D59A31-105D-4B83-A49D-B9F761336995}.Release|Any CPU.Build.0 = Release|Any CPU
		{1C846730-8BC3-49D4-8786-106AF8C4D160}.Debug|Any CPU.ActiveCfg = Debug|Any CPU
		{1C846730-8BC3-49D4-8786-106AF8C4D160}.Debug|Any CPU.Build.0 = Debug|Any CPU
		{1C846730-8BC3-49D4-8786-106AF8C4D160}.Release|Any CPU.ActiveCfg = Release|Any CPU
		{1C846730-8BC3-49D4-8786-106AF8C4D160}.Release|Any CPU.Build.0 = Release|Any CPU
	EndGlobalSection
	GlobalSection(SolutionProperties) = preSolution
		HideSolutionNode = FALSE
	EndGlobalSection
	GlobalSection(NestedProjects) = preSolution
		{1C846730-8BC3-49D4-8786-106AF8C4D160} = {7A9FD3C3-52EE-4162-B97A-6F7EB2F1821C}
		{7A9FD3C3-52EE-4162-B97A-6F7EB2F1821C} = {0301C876-91BE-4AE9-92C9-254EBFA8B940}
		{E4C25792-97C8-4E61-B0B3-57E3ED793DC5} = {0301C876-91BE-4AE9-92C9-254EBFA8B940}
	EndGlobalSection
	GlobalSection(ExtensibilityGlobals) = postSolution
		SolutionGuid = {632713F8-B531-4B56-80C3-38FD07E244FA}
	EndGlobalSection
EndGlobal
